<Solution>
  <Folder Name="/src/">
    <Project Path="src/PipeFlow/PipeFlow.csproj" />
  </Folder>
  <Folder Name="/tests/">
    <Project Path="tests/PipeFlow.Tests/PipeFlow.Tests.csproj" />
  </Folder>
  <Folder Name="/samples/">
    <Project Path="samples/PipeFlow.Sandbox/PipeFlow.Sandbox.csproj" />
  </Folder>
  <Folder Name="/_config/">
    <File Path=".editorconfig" />
    <File Path="Directory.Build.props" />
    <File Path="Directory.Packages.props" />
    <File Path="Version.props" />
    <File Path="global.json" />
    <File Path="README.md" />
    <File Path="CHANGELOG.md" />
  </Folder>
</Solution>
